
Microsoft Visual Studio Solution File, Format Version 12.00
# Visual Studio Version 16
VisualStudioVersion = 16.0.30503.244
MinimumVisualStudioVersion = 10.0.40219.1
Project("{FAE04EC0-301F-11D3-BF4B-00C04F79EFBC}") = "Opgaveregning01_11.09.20", "Opgaveregning01_11.09.20\Opgaveregning01_11.09.20.csproj", "{1F156E6A-67DE-4BF1-8125-A50619EB59F3}"
EndProject
Global
	GlobalSection(SolutionConfigurationPlatforms) = preSolution
		Debug|Any CPU = Debug|Any CPU
		Release|Any CPU = Release|Any CPU
	EndGlobalSection
	GlobalSection(ProjectConfigurationPlatforms) = postSolution
		{1F156E6A-67DE-4BF1-8125-A50619EB59F3}.Debug|Any CPU.ActiveCfg = Debug|Any CPU
		{1F156E6A-67DE-4BF1-8125-A50619EB59F3}.Debug|Any CPU.Build.0 = Debug|Any CPU
		{1F156E6A-67DE-4BF1-8125-A50619EB59F3}.Release|Any CPU.ActiveCfg = Release|Any CPU
		{1F156E6A-67DE-4BF1-8125-A50619EB59F3}.Release|Any CPU.Build.0 = Release|Any CPU
	EndGlobalSection
	GlobalSection(SolutionProperties) = preSolution
		HideSolutionNode = FALSE
	EndGlobalSection
	GlobalSection(ExtensibilityGlobals) = postSolution
		SolutionGuid = {10E0932F-6D5D-44B7-95E1-3327ADD5A77F}
	EndGlobalSection
EndGlobal
